
Microsoft Visual Studio Solution File, Format Version 12.00
# Visual Studio 15
VisualStudioVersion = 15.0.27004.2009
MinimumVisualStudioVersion = 10.0.40219.1
Project("{FAE04EC0-301F-11D3-BF4B-00C04F79EFBC}") = "SECCrawler", "SECCrawler.csproj", "{4977AF62-F5D7-4597-9CD9-08CF0AA1262A}"
EndProject
Project("{9A19103F-16F7-4668-BE54-9A1E7A4F7556}") = "SECReportWeb", "SECReportWeb\SECReportWeb.csproj", "{B3F20B32-709A-4476-8BE6-0C2FB4711C64}"
EndProject
Project("{FAE04EC0-301F-11D3-BF4B-00C04F79EFBC}") = "SECReportWebTests", "..\SECReportWebTests\SECReportWebTests.csproj", "{BE508B8A-E649-4E98-A159-D4CD892A5B00}"
EndProject
Global
	GlobalSection(SolutionConfigurationPlatforms) = preSolution
		Debug|Any CPU = Debug|Any CPU
		Release|Any CPU = Release|Any CPU
	EndGlobalSection
	GlobalSection(ProjectConfigurationPlatforms) = postSolution
		{4977AF62-F5D7-4597-9CD9-08CF0AA1262A}.Debug|Any CPU.ActiveCfg = Debug|Any CPU
		{4977AF62-F5D7-4597-9CD9-08CF0AA1262A}.Debug|Any CPU.Build.0 = Debug|Any CPU
		{4977AF62-F5D7-4597-9CD9-08CF0AA1262A}.Release|Any CPU.ActiveCfg = Release|Any CPU
		{4977AF62-F5D7-4597-9CD9-08CF0AA1262A}.Release|Any CPU.Build.0 = Release|Any CPU
		{B3F20B32-709A-4476-8BE6-0C2FB4711C64}.Debug|Any CPU.ActiveCfg = Debug|Any CPU
		{B3F20B32-709A-4476-8BE6-0C2FB4711C64}.Debug|Any CPU.Build.0 = Debug|Any CPU
		{B3F20B32-709A-4476-8BE6-0C2FB4711C64}.Release|Any CPU.ActiveCfg = Release|Any CPU
		{B3F20B32-709A-4476-8BE6-0C2FB4711C64}.Release|Any CPU.Build.0 = Release|Any CPU
		{BE508B8A-E649-4E98-A159-D4CD892A5B00}.Debug|Any CPU.ActiveCfg = Debug|Any CPU
		{BE508B8A-E649-4E98-A159-D4CD892A5B00}.Debug|Any CPU.Build.0 = Debug|Any CPU
		{BE508B8A-E649-4E98-A159-D4CD892A5B00}.Release|Any CPU.ActiveCfg = Release|Any CPU
		{BE508B8A-E649-4E98-A159-D4CD892A5B00}.Release|Any CPU.Build.0 = Release|Any CPU
	EndGlobalSection
	GlobalSection(SolutionProperties) = preSolution
		HideSolutionNode = FALSE
	EndGlobalSection
	GlobalSection(ExtensibilityGlobals) = postSolution
		SolutionGuid = {AEE28901-D6D6-465E-B38E-6132E41F76F8}
	EndGlobalSection
EndGlobal
